
Microsoft Visual Studio Solution File, Format Version 12.00
# Visual Studio Version 17
VisualStudioVersion = 17.7.34031.279
MinimumVisualStudioVersion = 10.0.40219.1
Project("{FAE04EC0-301F-11D3-BF4B-00C04F79EFBC}") = "Whether three given integer values are in the range 20 to 50", "Whether three given integer values are in the range 20 to 50.csproj", "{F3DEDC8D-C18F-47C1-84D3-40BEF9F725F3}"
EndProject
Global
	GlobalSection(SolutionConfigurationPlatforms) = preSolution
		Debug|Any CPU = Debug|Any CPU
		Release|Any CPU = Release|Any CPU
	EndGlobalSection
	GlobalSection(ProjectConfigurationPlatforms) = postSolution
		{F3DEDC8D-C18F-47C1-84D3-40BEF9F725F3}.Debug|Any CPU.ActiveCfg = Debug|Any CPU
		{F3DEDC8D-C18F-47C1-84D3-40BEF9F725F3}.Debug|Any CPU.Build.0 = Debug|Any CPU
		{F3DEDC8D-C18F-47C1-84D3-40BEF9F725F3}.Release|Any CPU.ActiveCfg = Release|Any CPU
		{F3DEDC8D-C18F-47C1-84D3-40BEF9F725F3}.Release|Any CPU.Build.0 = Release|Any CPU
	EndGlobalSection
	GlobalSection(SolutionProperties) = preSolution
		HideSolutionNode = FALSE
	EndGlobalSection
	GlobalSection(ExtensibilityGlobals) = postSolution
		SolutionGuid = {344F9C01-EF53-462E-8BBE-EA9786B4EC84}
	EndGlobalSection
EndGlobal
